// !$*UTF8*$!
{
	archiveVersion = 1;
	classes = {
	};
	objectVersion = 46;
	objects = {

/* Begin PBXBuildFile section */
		20B20AF11CC67B890009EECA /* AppDelegate.swift in Sources */ = {isa = PBXBuildFile; fileRef = 20B20AF01CC67B890009EECA /* AppDelegate.swift */; };
		20B20AF31CC67B890009EECA /* ViewController.swift in Sources */ = {isa = PBXBuildFile; fileRef = 20B20AF21CC67B890009EECA /* ViewController.swift */; };
		20B20AF61CC67B890009EECA /* Main.storyboard in Resources */ = {isa = PBXBuildFile; fileRef = 20B20AF41CC67B890009EECA /* Main.storyboard */; };
		20B20AF81CC67B890009EECA /* Assets.xcassets in Resources */ = {isa = PBXBuildFile; fileRef = 20B20AF71CC67B890009EECA /* Assets.xcassets */; };
		20B20AFB1CC67B890009EECA /* LaunchScreen.storyboard in Resources */ = {isa = PBXBuildFile; fileRef = 20B20AF91CC67B890009EECA /* LaunchScreen.storyboard */; };
		20B20B031CC67BA40009EECA /* CoreLocation.framework in Frameworks */ = {isa = PBXBuildFile; fileRef = 20B20B021CC67BA40009EECA /* CoreLocation.framework */; };
/* End PBXBuildFile section */

/* Begin PBXFileReference section */
		20B20AED1CC67B890009EECA /* WhereAmI.app */ = {isa = PBXFileReference; explicitFileType = wrapper.application; includeInIndex = 0; path = WhereAmI.app; sourceTree = BUILT_PRODUCTS_DIR; };
		20B20AF01CC67B890009EECA /* AppDelegate.swift */ = {isa = PBXFileReference; lastKnownFileType = sourcecode.swift; path = AppDelegate.swift; sourceTree = "<group>"; };
		20B20AF21CC67B890009EECA /* ViewController.swift */ = {isa = PBXFileReference; lastKnownFileType = sourcecode.swift; path = ViewController.swift; sourceTree = "<group>"; };
		20B20AF51CC67B890009EECA /* Base */ = {isa = PBXFileReference; lastKnownFileType = file.storyboard; name = Base; path = Base.lproj/Main.storyboard; sourceTree = "<group>"; };
		20B20AF71CC67B890009EECA /* Assets.xcassets */ = {isa = PBXFileReference; lastKnownFileType = folder.assetcatalog; path = Assets.xcassets; sourceTree = "<group>"; };
		20B20AFA1CC67B890009EECA /* Base */ = {isa = PBXFileReference; lastKnownFileType = file.storyboard; name = Base; path = Base.lproj/LaunchScreen.storyboard; sourceTree = "<group>"; };
		20B20AFC1CC67B890009EECA /* Info.plist */ = {isa = PBXFileReference; lastKnownFileType = text.plist.xml; path = Info.plist; sourceTree = "<group>"; };
		20B20B021CC67BA40009EECA /* CoreLocation.framework */ = {isa = PBXFileReference; lastKnownFileType = wrapper.framework; name = CoreLocation.framework; path = System/Library/Frameworks/CoreLocation.framework; sourceTree = SDKROOT; };
/* End PBXFileReference section */

/* Begin PBXFrameworksBuildPhase section */
		20B20AEA1CC67B890009EECA /* Frameworks */ = {
			isa = PBXFrameworksBuildPhase;
			buildActionMask = 2147483647;
			files = (
				20B20B031CC67BA40009EECA /* CoreLocation.framework in Frameworks */,
			);
			runOnlyForDeploymentPostprocessing = 0;
		};
/* End PBXFrameworksBuildPhase section */

/* Begin PBXGroup section */
		20B20AE41CC67B890009EECA = {
			isa = PBXGroup;
			children = (
				20B20B021CC67BA40009EECA /* CoreLocation.framework */,
				20B20AEF1CC67B890009EECA /* WhereAmI */,
				20B20AEE1CC67B890009EECA /* Products */,
			);
			sourceTree = "<group>";
		};
		20B20AEE1CC67B890009EECA /* Products */ = {
			isa = PBXGroup;
			children = (
				20B20AED1CC67B890009EECA /* WhereAmI.app */,
			);
			name = Products;
			sourceTree = "<group>";
		};
		20B20AEF1CC67B890009EECA /* WhereAmI */ = {
			isa = PBXGroup;
			children = (
				20B20AF01CC67B890009EECA /* AppDelegate.swift */,
				20B20AF21CC67B890009EECA /* ViewController.swift */,
				20B20AF41CC67B890009EECA /* Main.storyboard */,
				20B20AF71CC67B890009EECA /* Assets.xcassets */,
				20B20AF91CC67B890009EECA /* LaunchScreen.storyboard */,
				20B20AFC1CC67B890009EECA /* Info.plist */,
			);
			path = WhereAmI;
			sourceTree = "<group>";
		};
/* End PBXGroup section */

/* Begin PBXNativeTarget section */
		20B20AEC1CC67B890009EECA /* WhereAmI */ = {
			isa = PBXNativeTarget;
			buildConfigurationList = 20B20AFF1CC67B890009EECA /* Build configuration list for PBXNativeTarget "WhereAmI" */;
			buildPhases = (
				20B20AE91CC67B890009EECA /* Sources */,
				20B20AEA1CC67B890009EECA /* Frameworks */,
				20B20AEB1CC67B890009EECA /* Resources */,
			);
			buildRules = (
			);
			dependencies = (
			);
			name = WhereAmI;
			productName = WhereAmI;
			productReference = 20B20AED1CC67B890009EECA /* WhereAmI.app */;
			productType = "com.apple.product-type.application";
		};
/* End PBXNativeTarget section */

/* Begin PBXProject section */
		20B20AE51CC67B890009EECA /* Project object */ = {
			isa = PBXProject;
			attributes = {
				LastSwiftUpdateCheck = 0730;
				LastUpgradeCheck = 0730;
				ORGANIZATIONNAME = Evan;
				TargetAttributes = {
					20B20AEC1CC67B890009EECA = {
						CreatedOnToolsVersion = 7.3;
						DevelopmentTeam = Q647QB5339;
					};
				};
			};
			buildConfigurationList = 20B20AE81CC67B890009EECA /* Build configuration list for PBXProject "WhereAmI" */;
			compatibilityVersion = "Xcode 3.2";
			developmentRegion = English;
			hasScannedForEncodings = 0;
			knownRegions = (
				en,
				Base,
			);
			mainGroup = 20B20AE41CC67B890009EECA;
			productRefGroup = 20B20AEE1CC67B890009EECA /* Products */;
			projectDirPath = "";
			projectRoot = "";
			targets = (
				20B20AEC1CC67B890009EECA /* WhereAmI */,
			);
		};
/* End PBXProject section */

/* Begin PBXResourcesBuildPhase section */
		20B20AEB1CC67B890009EECA /* Resources */ = {
			isa = PBXResourcesBuildPhase;
			buildActionMask = 2147483647;
			files = (
				20B20AFB1CC67B890009EECA /* LaunchScreen.storyboard in Resources */,
				20B20AF81CC67B890009EECA /* Assets.xcassets in Resources */,
				20B20AF61CC67B890009EECA /* Main.storyboard in Resources */,
			);
			runOnlyForDeploymentPostprocessing = 0;
		};
/* End PBXResourcesBuildPhase section */

/* Begin PBXSourcesBuildPhase section */
		20B20AE91CC67B890009EECA /* Sources */ = {
			isa = PBXSourcesBuildPhase;
			buildActionMask = 2147483647;
			files = (
				20B20AF31CC67B890009EECA /* ViewController.swift in Sources */,
				20B20AF11CC67B890009EECA /* AppDelegate.swift in Sources */,
			);
			runOnlyForDeploymentPostprocessing = 0;
		};
/* End PBXSourcesBuildPhase section */

/* Begin PBXVariantGroup section */
		20B20AF41CC67B890009EECA /* Main.storyboard */ = {
			isa = PBXVariantGroup;
			children = (
				20B20AF51CC67B890009EECA /* Base */,
			);
			name = Main.storyboard;
			sourceTree = "<group>";
		};
		20B20AF91CC67B890009EECA /* LaunchScreen.storyboard */ = {
			isa = PBXVariantGroup;
			children = (
				20B20AFA1CC67B890009EECA /* Base */,
			);
			name = LaunchScreen.storyboard;
			sourceTree = "<group>";
		};
/* End PBXVariantGroup section */

/* Begin XCBuildConfiguration section */
		20B20AFD1CC67B890009EECA /* Debug */ = {
			isa = XCBuildConfiguration;
			buildSettings = {
				ALWAYS_SEARCH_USER_PATHS = NO;
				CLANG_ANALYZER_NONNULL = YES;
				CLANG_CXX_LANGUAGE_STANDARD = "gnu++0x";
				CLANG_CXX_LIBRARY = "libc++";
				CLANG_ENABLE_MODULES = YES;
				CLANG_ENABLE_OBJC_ARC = YES;
				CLANG_WARN_BOOL_CONVERSION = YES;
				CLANG_WARN_CONSTANT_CONVERSION = YES;
				CLANG_WARN_DIRECT_OBJC_ISA_USAGE = YES_ERROR;
				CLANG_WARN_EMPTY_BODY = YES;
				CLANG_WARN_ENUM_CONVERSION = YES;
				CLANG_WARN_INT_CONVERSION = YES;
				CLANG_WARN_OBJC_ROOT_CLASS = YES_ERROR;
				CLANG_WARN_UNREACHABLE_CODE = YES;
				CLANG_WARN__DUPLICATE_METHOD_MATCH = YES;
				"CODE_SIGN_IDENTITY[sdk=iphoneos*]" = "iPhone Developer";
				COPY_PHASE_STRIP = NO;
				DEBUG_INFORMATION_FORMAT = dwarf;
				ENABLE_STRICT_OBJC_MSGSEND = YES;
				ENABLE_TESTABILITY = YES;
				GCC_C_LANGUAGE_STANDARD = gnu99;
				GCC_DYNAMIC_NO_PIC = NO;
				GCC_NO_COMMON_BLOCKS = YES;
				GCC_OPTIMIZATION_LEVEL = 0;
				GCC_PREPROCESSOR_DEFINITIONS = (
					"DEBUG=1",
					"$(inherited)",
				);
				GCC_WARN_64_TO_32_BIT_CONVERSION = YES;
				GCC_WARN_ABOUT_RETURN_TYPE = YES_ERROR;
				GCC_WARN_UNDECLARED_SELECTOR = YES;
				GCC_WARN_UNINITIALIZED_AUTOS = YES_AGGRESSIVE;
				GCC_WARN_UNUSED_FUNCTION = YES;
				GCC_WARN_UNUSED_VARIABLE = YES;
				IPHONEOS_DEPLOYMENT_TARGET = 9.3;
				MTL_ENABLE_DEBUG_INFO = YES;
				ONLY_ACTIVE_ARCH = YES;
				SDKROOT = iphoneos;
				SWIFT_OPTIMIZATION_LEVEL = "-Onone";
				TARGETED_DEVICE_FAMILY = "1,2";
			};
			name = Debug;
		};
		20B20AFE1CC67B890009EECA /* Release */ = {
			isa = XCBuildConfiguration;
			buildSettings = {
				ALWAYS_SEARCH_USER_PATHS = NO;
				CLANG_ANALYZER_NONNULL = YES;
				CLANG_CXX_LANGUAGE_STANDARD = "gnu++0x";
				CLANG_CXX_LIBRARY = "libc++";
				CLANG_ENABLE_MODULES = YES;
				CLANG_ENABLE_OBJC_ARC = YES;
				CLANG_WARN_BOOL_CONVERSION = YES;
				CLANG_WARN_CONSTANT_CONVERSION = YES;
				CLANG_WARN_DIRECT_OBJC_ISA_USAGE = YES_ERROR;
				CLANG_WARN_EMPTY_BODY = YES;
				CLANG_WARN_ENUM_CONVERSION = YES;
				CLANG_WARN_INT_CONVERSION = YES;
				CLANG_WARN_OBJC_ROOT_CLASS = YES_ERROR;
				CLANG_WARN_UNREACHABLE_CODE = YES;
				CLANG_WARN__DUPLICATE_METHOD_MATCH = YES;
				"CODE_SIGN_IDENTITY[sdk=iphoneos*]" = "iPhone Developer";
				COPY_PHASE_STRIP = NO;
				DEBUG_INFORMATION_FORMAT = "dwarf-with-dsym";
				ENABLE_NS_ASSERTIONS = NO;
				ENABLE_STRICT_OBJC_MSGSEND = YES;
				GCC_C_LANGUAGE_STANDARD = gnu99;
				GCC_NO_COMMON_BLOCKS = YES;
				GCC_WARN_64_TO_32_BIT_CONVERSION = YES;
				GCC_WARN_ABOUT_RETURN_TYPE = YES_ERROR;
				GCC_WARN_UNDECLARED_SELECTOR = YES;
				GCC_WARN_UNINITIALIZED_AUTOS = YES_AGGRESSIVE;
				GCC_WARN_UNUSED_FUNCTION = YES;
				GCC_WARN_UNUSED_VARIABLE = YES;
				IPHONEOS_DEPLOYMENT_TARGET = 9.3;
				MTL_ENABLE_DEBUG_INFO = NO;
				SDKROOT = iphoneos;
				TARGETED_DEVICE_FAMILY = "1,2";
				VALIDATE_PRODUCT = YES;
			};
			name = Release;
		};
		20B20B001CC67B890009EECA /* Debug */ = {
			isa = XCBuildConfiguration;
			buildSettings = {
				ASSETCATALOG_COMPILER_APPICON_NAME = AppIcon;
				INFOPLIST_FILE = WhereAmI/Info.plist;
				LD_RUNPATH_SEARCH_PATHS = "$(inherited) @executable_path/Frameworks";
				PRODUCT_BUNDLE_IDENTIFIER = com.evanlaird.WhereAmI;
				PRODUCT_NAME = "$(TARGET_NAME)";
			};
			name = Debug;
		};
		20B20B011CC67B890009EECA /* Release */ = {
			isa = XCBuildConfiguration;
			buildSettings = {
				ASSETCATALOG_COMPILER_APPICON_NAME = AppIcon;
				INFOPLIST_FILE = WhereAmI/Info.plist;
				LD_RUNPATH_SEARCH_PATHS = "$(inherited) @executable_path/Frameworks";
				PRODUCT_BUNDLE_IDENTIFIER = com.evanlaird.WhereAmI;
				PRODUCT_NAME = "$(TARGET_NAME)";
			};
			name = Release;
		};
/* End XCBuildConfiguration section */

/* Begin XCConfigurationList section */
		20B20AE81CC67B890009EECA /* Build configuration list for PBXProject "WhereAmI" */ = {
			isa = XCConfigurationList;
			buildConfigurations = (
				20B20AFD1CC67B890009EECA /* Debug */,
				20B20AFE1CC67B890009EECA /* Release */,
			);
			defaultConfigurationIsVisible = 0;
			defaultConfigurationName = Release;
		};
		20B20AFF1CC67B890009EECA /* Build configuration list for PBXNativeTarget "WhereAmI" */ = {
			isa = XCConfigurationList;
			buildConfigurations = (
				20B20B001CC67B890009EECA /* Debug */,
				20B20B011CC67B890009EECA /* Release */,
			);
			defaultConfigurationIsVisible = 0;
		};
/* End XCConfigurationList section */
	};
	rootObject = 20B20AE51CC67B890009EECA /* Project object */;
}
